
Microsoft Visual Studio Solution File, Format Version 12.00
# Visual Studio 15
VisualStudioVersion = 15.0.28307.329
MinimumVisualStudioVersion = 10.0.40219.1
Project("{FAE04EC0-301F-11D3-BF4B-00C04F79EFBC}") = "POSS.Web", "POSS.Web\POSS.Web.csproj", "{51CB7B43-C408-45A8-A4C3-ABA4D8C317EE}"
EndProject
Project("{FAE04EC0-301F-11D3-BF4B-00C04F79EFBC}") = "POSS.Database", "POSS.Database\POSS.Database.csproj", "{9457053A-7B6A-451A-9F5F-68913447E38B}"
EndProject
Project("{FAE04EC0-301F-11D3-BF4B-00C04F79EFBC}") = "POSS.Entities", "POSS.Entities\POSS.Entities.csproj", "{0166325D-A3C3-4767-9DA2-3F718C93BE91}"
EndProject
Project("{FAE04EC0-301F-11D3-BF4B-00C04F79EFBC}") = "POSS.Services", "POSS.Services\POSS.Services.csproj", "{C292F705-3A45-4FB5-8962-65BCE82F8F1E}"
EndProject
Global
	GlobalSection(SolutionConfigurationPlatforms) = preSolution
		Debug|Any CPU = Debug|Any CPU
		Release|Any CPU = Release|Any CPU
	EndGlobalSection
	GlobalSection(ProjectConfigurationPlatforms) = postSolution
		{51CB7B43-C408-45A8-A4C3-ABA4D8C317EE}.Debug|Any CPU.ActiveCfg = Debug|Any CPU
		{51CB7B43-C408-45A8-A4C3-ABA4D8C317EE}.Debug|Any CPU.Build.0 = Debug|Any CPU
		{51CB7B43-C408-45A8-A4C3-ABA4D8C317EE}.Release|Any CPU.ActiveCfg = Release|Any CPU
		{51CB7B43-C408-45A8-A4C3-ABA4D8C317EE}.Release|Any CPU.Build.0 = Release|Any CPU
		{9457053A-7B6A-451A-9F5F-68913447E38B}.Debug|Any CPU.ActiveCfg = Debug|Any CPU
		{9457053A-7B6A-451A-9F5F-68913447E38B}.Debug|Any CPU.Build.0 = Debug|Any CPU
		{9457053A-7B6A-451A-9F5F-68913447E38B}.Release|Any CPU.ActiveCfg = Release|Any CPU
		{9457053A-7B6A-451A-9F5F-68913447E38B}.Release|Any CPU.Build.0 = Release|Any CPU
		{0166325D-A3C3-4767-9DA2-3F718C93BE91}.Debug|Any CPU.ActiveCfg = Debug|Any CPU
		{0166325D-A3C3-4767-9DA2-3F718C93BE91}.Debug|Any CPU.Build.0 = Debug|Any CPU
		{0166325D-A3C3-4767-9DA2-3F718C93BE91}.Release|Any CPU.ActiveCfg = Release|Any CPU
		{0166325D-A3C3-4767-9DA2-3F718C93BE91}.Release|Any CPU.Build.0 = Release|Any CPU
		{C292F705-3A45-4FB5-8962-65BCE82F8F1E}.Debug|Any CPU.ActiveCfg = Debug|Any CPU
		{C292F705-3A45-4FB5-8962-65BCE82F8F1E}.Debug|Any CPU.Build.0 = Debug|Any CPU
		{C292F705-3A45-4FB5-8962-65BCE82F8F1E}.Release|Any CPU.ActiveCfg = Release|Any CPU
		{C292F705-3A45-4FB5-8962-65BCE82F8F1E}.Release|Any CPU.Build.0 = Release|Any CPU
	EndGlobalSection
	GlobalSection(SolutionProperties) = preSolution
		HideSolutionNode = FALSE
	EndGlobalSection
	GlobalSection(ExtensibilityGlobals) = postSolution
		SolutionGuid = {84BD1D48-5782-4393-BA7F-D900C09A2A99}
	EndGlobalSection
EndGlobal
